
Microsoft Visual Studio Solution File, Format Version 12.00
# Visual Studio Version 17
VisualStudioVersion = 17.11.35222.181
MinimumVisualStudioVersion = 10.0.40219.1
Project("{9A19103F-16F7-4668-BE54-9A1E7A4F7556}") = "MessageService", "MessageService.csproj", "{6CF726ED-3E38-4A41-BA6B-0E1E8B5F32ED}"
EndProject
Global
	GlobalSection(SolutionConfigurationPlatforms) = preSolution
		Debug|Any CPU = Debug|Any CPU
		Release|Any CPU = Release|Any CPU
	EndGlobalSection
	GlobalSection(ProjectConfigurationPlatforms) = postSolution
		{6CF726ED-3E38-4A41-BA6B-0E1E8B5F32ED}.Debug|Any CPU.ActiveCfg = Debug|Any CPU
		{6CF726ED-3E38-4A41-BA6B-0E1E8B5F32ED}.Debug|Any CPU.Build.0 = Debug|Any CPU
		{6CF726ED-3E38-4A41-BA6B-0E1E8B5F32ED}.Release|Any CPU.ActiveCfg = Release|Any CPU
		{6CF726ED-3E38-4A41-BA6B-0E1E8B5F32ED}.Release|Any CPU.Build.0 = Release|Any CPU
	EndGlobalSection
	GlobalSection(SolutionProperties) = preSolution
		HideSolutionNode = FALSE
	EndGlobalSection
	GlobalSection(ExtensibilityGlobals) = postSolution
		SolutionGuid = {7AC80607-EB01-459E-806B-18345A3018EA}
	EndGlobalSection
EndGlobal
